
Microsoft Visual Studio Solution File, Format Version 12.00
# Visual Studio 2013
VisualStudioVersion = 12.0.31101.0
MinimumVisualStudioVersion = 10.0.40219.1
Project("{FAE04EC0-301F-11D3-BF4B-00C04F79EFBC}") = "Server", "Server\Server.csproj", "{50171520-168D-4039-ACDA-E26FF0D1F467}"
EndProject
Project("{FAE04EC0-301F-11D3-BF4B-00C04F79EFBC}") = "Client", "Client\Client.csproj", "{7B399225-02B1-4863-A600-0DE869E0C7A0}"
EndProject
Global
	GlobalSection(SolutionConfigurationPlatforms) = preSolution
		Debug|Any CPU = Debug|Any CPU
		Release|Any CPU = Release|Any CPU
	EndGlobalSection
	GlobalSection(ProjectConfigurationPlatforms) = postSolution
		{50171520-168D-4039-ACDA-E26FF0D1F467}.Debug|Any CPU.ActiveCfg = Debug|Any CPU
		{50171520-168D-4039-ACDA-E26FF0D1F467}.Debug|Any CPU.Build.0 = Debug|Any CPU
		{50171520-168D-4039-ACDA-E26FF0D1F467}.Release|Any CPU.ActiveCfg = Release|Any CPU
		{50171520-168D-4039-ACDA-E26FF0D1F467}.Release|Any CPU.Build.0 = Release|Any CPU
		{7B399225-02B1-4863-A600-0DE869E0C7A0}.Debug|Any CPU.ActiveCfg = Debug|Any CPU
		{7B399225-02B1-4863-A600-0DE869E0C7A0}.Debug|Any CPU.Build.0 = Debug|Any CPU
		{7B399225-02B1-4863-A600-0DE869E0C7A0}.Release|Any CPU.ActiveCfg = Release|Any CPU
		{7B399225-02B1-4863-A600-0DE869E0C7A0}.Release|Any CPU.Build.0 = Release|Any CPU
	EndGlobalSection
	GlobalSection(SolutionProperties) = preSolution
		HideSolutionNode = FALSE
	EndGlobalSection
EndGlobal
